
Microsoft Visual Studio Solution File, Format Version 12.00
# Visual Studio Version 17
VisualStudioVersion = 17.0.32014.148
MinimumVisualStudioVersion = 10.0.40219.1
Project("{9A19103F-16F7-4668-BE54-9A1E7A4F7556}") = "TourManager.Api", "TourManager.Api\TourManager.Api.csproj", "{C3721479-CD6C-48E7-852E-ACE8577C82D4}"
EndProject
Project("{9A19103F-16F7-4668-BE54-9A1E7A4F7556}") = "TourManager.Domain", "TourManager.Domain\TourManager.Domain.csproj", "{E3B6B609-219E-4936-B875-90B4FBDC38A4}"
EndProject
Project("{9A19103F-16F7-4668-BE54-9A1E7A4F7556}") = "TourManager.Storage", "TourManager.Storage\TourManager.Storage.csproj", "{0FCA9E0F-C067-4EC2-A4BF-49DEEAA6FE49}"
EndProject
Project("{9A19103F-16F7-4668-BE54-9A1E7A4F7556}") = "TourManager.Auth.API", "TourManager.Auth.API\TourManager.Auth.API.csproj", "{840D860C-B838-441A-9D1C-6FF3261C7F0F}"
EndProject
Project("{9A19103F-16F7-4668-BE54-9A1E7A4F7556}") = "TourManager.Auth.Common", "TourManager.Auth.Common\TourManager.Auth.Common.csproj", "{9CBE80D2-820E-49EE-85BB-EDD6187589EE}"
EndProject
Project("{FAE04EC0-301F-11D3-BF4B-00C04F79EFBC}") = "TourManager.IdenityServer", "TourManager.IdenityServer\TourManager.IdenityServer.csproj", "{DD389A0A-4962-41DF-91A5-BF7EB7A80494}"
EndProject
Global
	GlobalSection(SolutionConfigurationPlatforms) = preSolution
		Debug|Any CPU = Debug|Any CPU
		Release|Any CPU = Release|Any CPU
	EndGlobalSection
	GlobalSection(ProjectConfigurationPlatforms) = postSolution
		{C3721479-CD6C-48E7-852E-ACE8577C82D4}.Debug|Any CPU.ActiveCfg = Debug|Any CPU
		{C3721479-CD6C-48E7-852E-ACE8577C82D4}.Debug|Any CPU.Build.0 = Debug|Any CPU
		{C3721479-CD6C-48E7-852E-ACE8577C82D4}.Release|Any CPU.ActiveCfg = Release|Any CPU
		{C3721479-CD6C-48E7-852E-ACE8577C82D4}.Release|Any CPU.Build.0 = Release|Any CPU
		{E3B6B609-219E-4936-B875-90B4FBDC38A4}.Debug|Any CPU.ActiveCfg = Debug|Any CPU
		{E3B6B609-219E-4936-B875-90B4FBDC38A4}.Debug|Any CPU.Build.0 = Debug|Any CPU
		{E3B6B609-219E-4936-B875-90B4FBDC38A4}.Release|Any CPU.ActiveCfg = Release|Any CPU
		{E3B6B609-219E-4936-B875-90B4FBDC38A4}.Release|Any CPU.Build.0 = Release|Any CPU
		{0FCA9E0F-C067-4EC2-A4BF-49DEEAA6FE49}.Debug|Any CPU.ActiveCfg = Debug|Any CPU
		{0FCA9E0F-C067-4EC2-A4BF-49DEEAA6FE49}.Debug|Any CPU.Build.0 = Debug|Any CPU
		{0FCA9E0F-C067-4EC2-A4BF-49DEEAA6FE49}.Release|Any CPU.ActiveCfg = Release|Any CPU
		{0FCA9E0F-C067-4EC2-A4BF-49DEEAA6FE49}.Release|Any CPU.Build.0 = Release|Any CPU
		{840D860C-B838-441A-9D1C-6FF3261C7F0F}.Debug|Any CPU.ActiveCfg = Debug|Any CPU
		{840D860C-B838-441A-9D1C-6FF3261C7F0F}.Debug|Any CPU.Build.0 = Debug|Any CPU
		{840D860C-B838-441A-9D1C-6FF3261C7F0F}.Release|Any CPU.ActiveCfg = Release|Any CPU
		{840D860C-B838-441A-9D1C-6FF3261C7F0F}.Release|Any CPU.Build.0 = Release|Any CPU
		{9CBE80D2-820E-49EE-85BB-EDD6187589EE}.Debug|Any CPU.ActiveCfg = Debug|Any CPU
		{9CBE80D2-820E-49EE-85BB-EDD6187589EE}.Debug|Any CPU.Build.0 = Debug|Any CPU
		{9CBE80D2-820E-49EE-85BB-EDD6187589EE}.Release|Any CPU.ActiveCfg = Release|Any CPU
		{9CBE80D2-820E-49EE-85BB-EDD6187589EE}.Release|Any CPU.Build.0 = Release|Any CPU
		{DD389A0A-4962-41DF-91A5-BF7EB7A80494}.Debug|Any CPU.ActiveCfg = Debug|Any CPU
		{DD389A0A-4962-41DF-91A5-BF7EB7A80494}.Debug|Any CPU.Build.0 = Debug|Any CPU
		{DD389A0A-4962-41DF-91A5-BF7EB7A80494}.Release|Any CPU.ActiveCfg = Release|Any CPU
		{DD389A0A-4962-41DF-91A5-BF7EB7A80494}.Release|Any CPU.Build.0 = Release|Any CPU
	EndGlobalSection
	GlobalSection(SolutionProperties) = preSolution
		HideSolutionNode = FALSE
	EndGlobalSection
	GlobalSection(ExtensibilityGlobals) = postSolution
		SolutionGuid = {B8321D91-185C-47D1-B694-59122E3E7B32}
	EndGlobalSection
EndGlobal
