
Microsoft Visual Studio Solution File, Format Version 12.00
# Visual Studio Version 16
VisualStudioVersion = 16.0.31624.102
MinimumVisualStudioVersion = 10.0.40219.1
Project("{FAE04EC0-301F-11D3-BF4B-00C04F79EFBC}") = "TourManager.Api", "TourManager.Api\TourManager.Api.csproj", "{C3721479-CD6C-48E7-852E-ACE8577C82D4}"
EndProject
Project("{FAE04EC0-301F-11D3-BF4B-00C04F79EFBC}") = "TourManager.Domain", "TourManager.Domain\TourManager.Domain.csproj", "{E3B6B609-219E-4936-B875-90B4FBDC38A4}"
EndProject
Project("{FAE04EC0-301F-11D3-BF4B-00C04F79EFBC}") = "TourManager.Storage", "TourManager.Storage\TourManager.Storage.csproj", "{0FCA9E0F-C067-4EC2-A4BF-49DEEAA6FE49}"
EndProject
Global
	GlobalSection(SolutionConfigurationPlatforms) = preSolution
		Debug|Any CPU = Debug|Any CPU
		Release|Any CPU = Release|Any CPU
	EndGlobalSection
	GlobalSection(ProjectConfigurationPlatforms) = postSolution
		{C3721479-CD6C-48E7-852E-ACE8577C82D4}.Debug|Any CPU.ActiveCfg = Debug|Any CPU
		{C3721479-CD6C-48E7-852E-ACE8577C82D4}.Debug|Any CPU.Build.0 = Debug|Any CPU
		{C3721479-CD6C-48E7-852E-ACE8577C82D4}.Release|Any CPU.ActiveCfg = Release|Any CPU
		{C3721479-CD6C-48E7-852E-ACE8577C82D4}.Release|Any CPU.Build.0 = Release|Any CPU
		{E3B6B609-219E-4936-B875-90B4FBDC38A4}.Debug|Any CPU.ActiveCfg = Debug|Any CPU
		{E3B6B609-219E-4936-B875-90B4FBDC38A4}.Debug|Any CPU.Build.0 = Debug|Any CPU
		{E3B6B609-219E-4936-B875-90B4FBDC38A4}.Release|Any CPU.ActiveCfg = Release|Any CPU
		{E3B6B609-219E-4936-B875-90B4FBDC38A4}.Release|Any CPU.Build.0 = Release|Any CPU
		{0FCA9E0F-C067-4EC2-A4BF-49DEEAA6FE49}.Debug|Any CPU.ActiveCfg = Debug|Any CPU
		{0FCA9E0F-C067-4EC2-A4BF-49DEEAA6FE49}.Debug|Any CPU.Build.0 = Debug|Any CPU
		{0FCA9E0F-C067-4EC2-A4BF-49DEEAA6FE49}.Release|Any CPU.ActiveCfg = Release|Any CPU
		{0FCA9E0F-C067-4EC2-A4BF-49DEEAA6FE49}.Release|Any CPU.Build.0 = Release|Any CPU
	EndGlobalSection
	GlobalSection(SolutionProperties) = preSolution
		HideSolutionNode = FALSE
	EndGlobalSection
	GlobalSection(ExtensibilityGlobals) = postSolution
		SolutionGuid = {B8321D91-185C-47D1-B694-59122E3E7B32}
	EndGlobalSection
EndGlobal
